// !$*UTF8*$!
{
	archiveVersion = 1;
	classes = {
	};
	objectVersion = 50;
	objects = {

/* Begin PBXBuildFile section */
		B86D29E7245E48D400EFEEEE /* AppDelegate.swift in Sources */ = {isa = PBXBuildFile; fileRef = B86D29E6245E48D400EFEEEE /* AppDelegate.swift */; };
		B86D29E9245E48D400EFEEEE /* ViewController.swift in Sources */ = {isa = PBXBuildFile; fileRef = B86D29E8245E48D400EFEEEE /* ViewController.swift */; };
		B86D29EC245E48D400EFEEEE /* Main.storyboard in Resources */ = {isa = PBXBuildFile; fileRef = B86D29EA245E48D400EFEEEE /* Main.storyboard */; };
		B86D29EE245E48D400EFEEEE /* Assets.xcassets in Resources */ = {isa = PBXBuildFile; fileRef = B86D29ED245E48D400EFEEEE /* Assets.xcassets */; };
		B86D29F1245E48D400EFEEEE /* LaunchScreen.storyboard in Resources */ = {isa = PBXBuildFile; fileRef = B86D29EF245E48D400EFEEEE /* LaunchScreen.storyboard */; };
/* End PBXBuildFile section */

/* Begin PBXFileReference section */
		B86D29E3245E48D400EFEEEE /* hw3-ch07-1692034-박혜연.app */ = {isa = PBXFileReference; explicitFileType = wrapper.application; includeInIndex = 0; path = "hw3-ch07-1692034-박혜연.app"; sourceTree = BUILT_PRODUCTS_DIR; };
		B86D29E6245E48D400EFEEEE /* AppDelegate.swift */ = {isa = PBXFileReference; lastKnownFileType = sourcecode.swift; path = AppDelegate.swift; sourceTree = "<group>"; };
		B86D29E8245E48D400EFEEEE /* ViewController.swift */ = {isa = PBXFileReference; lastKnownFileType = sourcecode.swift; path = ViewController.swift; sourceTree = "<group>"; };
		B86D29EB245E48D400EFEEEE /* Base */ = {isa = PBXFileReference; lastKnownFileType = file.storyboard; name = Base; path = Base.lproj/Main.storyboard; sourceTree = "<group>"; };
		B86D29ED245E48D400EFEEEE /* Assets.xcassets */ = {isa = PBXFileReference; lastKnownFileType = folder.assetcatalog; path = Assets.xcassets; sourceTree = "<group>"; };
		B86D29F0245E48D400EFEEEE /* Base */ = {isa = PBXFileReference; lastKnownFileType = file.storyboard; name = Base; path = Base.lproj/LaunchScreen.storyboard; sourceTree = "<group>"; };
		B86D29F2245E48D400EFEEEE /* Info.plist */ = {isa = PBXFileReference; lastKnownFileType = text.plist.xml; path = Info.plist; sourceTree = "<group>"; };
/* End PBXFileReference section */

/* Begin PBXFrameworksBuildPhase section */
		B86D29E0245E48D400EFEEEE /* Frameworks */ = {
			isa = PBXFrameworksBuildPhase;
			buildActionMask = 2147483647;
			files = (
			);
			runOnlyForDeploymentPostprocessing = 0;
		};
/* End PBXFrameworksBuildPhase section */

/* Begin PBXGroup section */
		B86D29DA245E48D400EFEEEE = {
			isa = PBXGroup;
			children = (
				B86D29E5245E48D400EFEEEE /* hw3-ch07-1692034-박혜연 */,
				B86D29E4245E48D400EFEEEE /* Products */,
			);
			sourceTree = "<group>";
		};
		B86D29E4245E48D400EFEEEE /* Products */ = {
			isa = PBXGroup;
			children = (
				B86D29E3245E48D400EFEEEE /* hw3-ch07-1692034-박혜연.app */,
			);
			name = Products;
			sourceTree = "<group>";
		};
		B86D29E5245E48D400EFEEEE /* hw3-ch07-1692034-박혜연 */ = {
			isa = PBXGroup;
			children = (
				B86D29E6245E48D400EFEEEE /* AppDelegate.swift */,
				B86D29E8245E48D400EFEEEE /* ViewController.swift */,
				B86D29EA245E48D400EFEEEE /* Main.storyboard */,
				B86D29ED245E48D400EFEEEE /* Assets.xcassets */,
				B86D29EF245E48D400EFEEEE /* LaunchScreen.storyboard */,
				B86D29F2245E48D400EFEEEE /* Info.plist */,
			);
			path = "hw3-ch07-1692034-박혜연";
			sourceTree = "<group>";
		};
/* End PBXGroup section */

/* Begin PBXNativeTarget section */
		B86D29E2245E48D400EFEEEE /* hw3-ch07-1692034-박혜연 */ = {
			isa = PBXNativeTarget;
			buildConfigurationList = B86D29F5245E48D400EFEEEE /* Build configuration list for PBXNativeTarget "hw3-ch07-1692034-박혜연" */;
			buildPhases = (
				B86D29DF245E48D400EFEEEE /* Sources */,
				B86D29E0245E48D400EFEEEE /* Frameworks */,
				B86D29E1245E48D400EFEEEE /* Resources */,
			);
			buildRules = (
			);
			dependencies = (
			);
			name = "hw3-ch07-1692034-박혜연";
			productName = "hw3-ch07-1692034-박혜연";
			productReference = B86D29E3245E48D400EFEEEE /* hw3-ch07-1692034-박혜연.app */;
			productType = "com.apple.product-type.application";
		};
/* End PBXNativeTarget section */

/* Begin PBXProject section */
		B86D29DB245E48D400EFEEEE /* Project object */ = {
			isa = PBXProject;
			attributes = {
				LastSwiftUpdateCheck = 1010;
				LastUpgradeCheck = 1010;
				ORGANIZATIONNAME = admin4;
				TargetAttributes = {
					B86D29E2245E48D400EFEEEE = {
						CreatedOnToolsVersion = 10.1;
					};
				};
			};
			buildConfigurationList = B86D29DE245E48D400EFEEEE /* Build configuration list for PBXProject "hw3-ch07-1692034-박혜연" */;
			compatibilityVersion = "Xcode 9.3";
			developmentRegion = en;
			hasScannedForEncodings = 0;
			knownRegions = (
				en,
				Base,
			);
			mainGroup = B86D29DA245E48D400EFEEEE;
			productRefGroup = B86D29E4245E48D400EFEEEE /* Products */;
			projectDirPath = "";
			projectRoot = "";
			targets = (
				B86D29E2245E48D400EFEEEE /* hw3-ch07-1692034-박혜연 */,
			);
		};
/* End PBXProject section */

/* Begin PBXResourcesBuildPhase section */
		B86D29E1245E48D400EFEEEE /* Resources */ = {
			isa = PBXResourcesBuildPhase;
			buildActionMask = 2147483647;
			files = (
				B86D29F1245E48D400EFEEEE /* LaunchScreen.storyboard in Resources */,
				B86D29EE245E48D400EFEEEE /* Assets.xcassets in Resources */,
				B86D29EC245E48D400EFEEEE /* Main.storyboard in Resources */,
			);
			runOnlyForDeploymentPostprocessing = 0;
		};
/* End PBXResourcesBuildPhase section */

/* Begin PBXSourcesBuildPhase section */
		B86D29DF245E48D400EFEEEE /* Sources */ = {
			isa = PBXSourcesBuildPhase;
			buildActionMask = 2147483647;
			files = (
				B86D29E9245E48D400EFEEEE /* ViewController.swift in Sources */,
				B86D29E7245E48D400EFEEEE /* AppDelegate.swift in Sources */,
			);
			runOnlyForDeploymentPostprocessing = 0;
		};
/* End PBXSourcesBuildPhase section */

/* Begin PBXVariantGroup section */
		B86D29EA245E48D400EFEEEE /* Main.storyboard */ = {
			isa = PBXVariantGroup;
			children = (
				B86D29EB245E48D400EFEEEE /* Base */,
			);
			name = Main.storyboard;
			sourceTree = "<group>";
		};
		B86D29EF245E48D400EFEEEE /* LaunchScreen.storyboard */ = {
			isa = PBXVariantGroup;
			children = (
				B86D29F0245E48D400EFEEEE /* Base */,
			);
			name = LaunchScreen.storyboard;
			sourceTree = "<group>";
		};
/* End PBXVariantGroup section */

/* Begin XCBuildConfiguration section */
		B86D29F3245E48D400EFEEEE /* Debug */ = {
			isa = XCBuildConfiguration;
			buildSettings = {
				ALWAYS_SEARCH_USER_PATHS = NO;
				CLANG_ANALYZER_NONNULL = YES;
				CLANG_ANALYZER_NUMBER_OBJECT_CONVERSION = YES_AGGRESSIVE;
				CLANG_CXX_LANGUAGE_STANDARD = "gnu++14";
				CLANG_CXX_LIBRARY = "libc++";
				CLANG_ENABLE_MODULES = YES;
				CLANG_ENABLE_OBJC_ARC = YES;
				CLANG_ENABLE_OBJC_WEAK = YES;
				CLANG_WARN_BLOCK_CAPTURE_AUTORELEASING = YES;
				CLANG_WARN_BOOL_CONVERSION = YES;
				CLANG_WARN_COMMA = YES;
				CLANG_WARN_CONSTANT_CONVERSION = YES;
				CLANG_WARN_DEPRECATED_OBJC_IMPLEMENTATIONS = YES;
				CLANG_WARN_DIRECT_OBJC_ISA_USAGE = YES_ERROR;
				CLANG_WARN_DOCUMENTATION_COMMENTS = YES;
				CLANG_WARN_EMPTY_BODY = YES;
				CLANG_WARN_ENUM_CONVERSION = YES;
				CLANG_WARN_INFINITE_RECURSION = YES;
				CLANG_WARN_INT_CONVERSION = YES;
				CLANG_WARN_NON_LITERAL_NULL_CONVERSION = YES;
				CLANG_WARN_OBJC_IMPLICIT_RETAIN_SELF = YES;
				CLANG_WARN_OBJC_LITERAL_CONVERSION = YES;
				CLANG_WARN_OBJC_ROOT_CLASS = YES_ERROR;
				CLANG_WARN_RANGE_LOOP_ANALYSIS = YES;
				CLANG_WARN_STRICT_PROTOTYPES = YES;
				CLANG_WARN_SUSPICIOUS_MOVE = YES;
				CLANG_WARN_UNGUARDED_AVAILABILITY = YES_AGGRESSIVE;
				CLANG_WARN_UNREACHABLE_CODE = YES;
				CLANG_WARN__DUPLICATE_METHOD_MATCH = YES;
				CODE_SIGN_IDENTITY = "iPhone Developer";
				COPY_PHASE_STRIP = NO;
				DEBUG_INFORMATION_FORMAT = dwarf;
				ENABLE_STRICT_OBJC_MSGSEND = YES;
				ENABLE_TESTABILITY = YES;
				GCC_C_LANGUAGE_STANDARD = gnu11;
				GCC_DYNAMIC_NO_PIC = NO;
				GCC_NO_COMMON_BLOCKS = YES;
				GCC_OPTIMIZATION_LEVEL = 0;
				GCC_PREPROCESSOR_DEFINITIONS = (
					"DEBUG=1",
					"$(inherited)",
				);
				GCC_WARN_64_TO_32_BIT_CONVERSION = YES;
				GCC_WARN_ABOUT_RETURN_TYPE = YES_ERROR;
				GCC_WARN_UNDECLARED_SELECTOR = YES;
				GCC_WARN_UNINITIALIZED_AUTOS = YES_AGGRESSIVE;
				GCC_WARN_UNUSED_FUNCTION = YES;
				GCC_WARN_UNUSED_VARIABLE = YES;
				IPHONEOS_DEPLOYMENT_TARGET = 12.1;
				MTL_ENABLE_DEBUG_INFO = INCLUDE_SOURCE;
				MTL_FAST_MATH = YES;
				ONLY_ACTIVE_ARCH = YES;
				SDKROOT = iphoneos;
				SWIFT_ACTIVE_COMPILATION_CONDITIONS = DEBUG;
				SWIFT_OPTIMIZATION_LEVEL = "-Onone";
			};
			name = Debug;
		};
		B86D29F4245E48D400EFEEEE /* Release */ = {
			isa = XCBuildConfiguration;
			buildSettings = {
				ALWAYS_SEARCH_USER_PATHS = NO;
				CLANG_ANALYZER_NONNULL = YES;
				CLANG_ANALYZER_NUMBER_OBJECT_CONVERSION = YES_AGGRESSIVE;
				CLANG_CXX_LANGUAGE_STANDARD = "gnu++14";
				CLANG_CXX_LIBRARY = "libc++";
				CLANG_ENABLE_MODULES = YES;
				CLANG_ENABLE_OBJC_ARC = YES;
				CLANG_ENABLE_OBJC_WEAK = YES;
				CLANG_WARN_BLOCK_CAPTURE_AUTORELEASING = YES;
				CLANG_WARN_BOOL_CONVERSION = YES;
				CLANG_WARN_COMMA = YES;
				CLANG_WARN_CONSTANT_CONVERSION = YES;
				CLANG_WARN_DEPRECATED_OBJC_IMPLEMENTATIONS = YES;
				CLANG_WARN_DIRECT_OBJC_ISA_USAGE = YES_ERROR;
				CLANG_WARN_DOCUMENTATION_COMMENTS = YES;
				CLANG_WARN_EMPTY_BODY = YES;
				CLANG_WARN_ENUM_CONVERSION = YES;
				CLANG_WARN_INFINITE_RECURSION = YES;
				CLANG_WARN_INT_CONVERSION = YES;
				CLANG_WARN_NON_LITERAL_NULL_CONVERSION = YES;
				CLANG_WARN_OBJC_IMPLICIT_RETAIN_SELF = YES;
				CLANG_WARN_OBJC_LITERAL_CONVERSION = YES;
				CLANG_WARN_OBJC_ROOT_CLASS = YES_ERROR;
				CLANG_WARN_RANGE_LOOP_ANALYSIS = YES;
				CLANG_WARN_STRICT_PROTOTYPES = YES;
				CLANG_WARN_SUSPICIOUS_MOVE = YES;
				CLANG_WARN_UNGUARDED_AVAILABILITY = YES_AGGRESSIVE;
				CLANG_WARN_UNREACHABLE_CODE = YES;
				CLANG_WARN__DUPLICATE_METHOD_MATCH = YES;
				CODE_SIGN_IDENTITY = "iPhone Developer";
				COPY_PHASE_STRIP = NO;
				DEBUG_INFORMATION_FORMAT = "dwarf-with-dsym";
				ENABLE_NS_ASSERTIONS = NO;
				ENABLE_STRICT_OBJC_MSGSEND = YES;
				GCC_C_LANGUAGE_STANDARD = gnu11;
				GCC_NO_COMMON_BLOCKS = YES;
				GCC_WARN_64_TO_32_BIT_CONVERSION = YES;
				GCC_WARN_ABOUT_RETURN_TYPE = YES_ERROR;
				GCC_WARN_UNDECLARED_SELECTOR = YES;
				GCC_WARN_UNINITIALIZED_AUTOS = YES_AGGRESSIVE;
				GCC_WARN_UNUSED_FUNCTION = YES;
				GCC_WARN_UNUSED_VARIABLE = YES;
				IPHONEOS_DEPLOYMENT_TARGET = 12.1;
				MTL_ENABLE_DEBUG_INFO = NO;
				MTL_FAST_MATH = YES;
				SDKROOT = iphoneos;
				SWIFT_COMPILATION_MODE = wholemodule;
				SWIFT_OPTIMIZATION_LEVEL = "-O";
				VALIDATE_PRODUCT = YES;
			};
			name = Release;
		};
		B86D29F6245E48D400EFEEEE /* Debug */ = {
			isa = XCBuildConfiguration;
			buildSettings = {
				ASSETCATALOG_COMPILER_APPICON_NAME = AppIcon;
				CODE_SIGN_STYLE = Automatic;
				INFOPLIST_FILE = "hw3-ch07-1692034-박혜연/Info.plist";
				LD_RUNPATH_SEARCH_PATHS = (
					"$(inherited)",
					"@executable_path/Frameworks",
				);
				PRODUCT_BUNDLE_IDENTIFIER = "kr.ac.hansung.hyeyeon.hw3-ch07-1692034---------";
				PRODUCT_NAME = "$(TARGET_NAME)";
				SWIFT_VERSION = 4.2;
				TARGETED_DEVICE_FAMILY = "1,2";
			};
			name = Debug;
		};
		B86D29F7245E48D400EFEEEE /* Release */ = {
			isa = XCBuildConfiguration;
			buildSettings = {
				ASSETCATALOG_COMPILER_APPICON_NAME = AppIcon;
				CODE_SIGN_STYLE = Automatic;
				INFOPLIST_FILE = "hw3-ch07-1692034-박혜연/Info.plist";
				LD_RUNPATH_SEARCH_PATHS = (
					"$(inherited)",
					"@executable_path/Frameworks",
				);
				PRODUCT_BUNDLE_IDENTIFIER = "kr.ac.hansung.hyeyeon.hw3-ch07-1692034---------";
				PRODUCT_NAME = "$(TARGET_NAME)";
				SWIFT_VERSION = 4.2;
				TARGETED_DEVICE_FAMILY = "1,2";
			};
			name = Release;
		};
/* End XCBuildConfiguration section */

/* Begin XCConfigurationList section */
		B86D29DE245E48D400EFEEEE /* Build configuration list for PBXProject "hw3-ch07-1692034-박혜연" */ = {
			isa = XCConfigurationList;
			buildConfigurations = (
				B86D29F3245E48D400EFEEEE /* Debug */,
				B86D29F4245E48D400EFEEEE /* Release */,
			);
			defaultConfigurationIsVisible = 0;
			defaultConfigurationName = Release;
		};
		B86D29F5245E48D400EFEEEE /* Build configuration list for PBXNativeTarget "hw3-ch07-1692034-박혜연" */ = {
			isa = XCConfigurationList;
			buildConfigurations = (
				B86D29F6245E48D400EFEEEE /* Debug */,
				B86D29F7245E48D400EFEEEE /* Release */,
			);
			defaultConfigurationIsVisible = 0;
			defaultConfigurationName = Release;
		};
/* End XCConfigurationList section */
	};
	rootObject = B86D29DB245E48D400EFEEEE /* Project object */;
}
